<?xml version="1.0" encoding="UTF-8"?>
<CONFIG>
  <ProjectOptions>
    <Version Value="12"/>
    <General>
      <Flags>
        <MainUnitHasUsesSectionForAllUnits Value="False"/>
        <MainUnitHasCreateFormStatements Value="False"/>
        <MainUnitHasTitleStatement Value="False"/>
        <MainUnitHasScaledStatement Value="False"/>
        <CompatibilityMode Value="True"/>
      </Flags>
      <SessionStorage Value="InProjectDir"/>
      <Title Value="castle_mormot_client"/>
    </General>
    <BuildModes Count="2">
      <Item1 Name="Debug" Default="True"/>
      <Item2 Name="Release">
        <CompilerOptions>
          <Version Value="11"/>
          <Target>
            <Filename Value="castle_mormot_client"/>
          </Target>
          <SearchPaths>
            <IncludeFiles Value="code;../shared;../../../sorpetaler/mORMot2;../../../sorpetaler/mORMot2/src/db;../../../sorpetaler/mORMot2/src/rest;../../../sorpetaler/mORMot2/src/orm;../../../sorpetaler/mORMot2/src/soa;../../../sorpetaler/mORMot2/src/app;../../../sorpetaler/mORMot2/src/script;../../../sorpetaler/mORMot2/src/ui;../../../sorpetaler/mORMot2/src/tools;../../../sorpetaler/mORMot2/src/misc"/>
            <Libraries Value="../../../sorpetaler/mORMot2/static/x86_64-win64"/>
            <OtherUnitFiles Value="code;../shared;../../../sorpetaler/mORMot2;../../../sorpetaler/mORMot2/src/tools"/>
            <UnitOutputDirectory Value="castle-engine-output/standalone/lazarus-lib/$(TargetCPU)-$(TargetOS)"/>
          </SearchPaths>
          <CodeGeneration>
            <SmartLinkUnit Value="True"/>
            <Checks>
              <IOChecks Value="True"/>
            </Checks>
            <Optimizations>
              <OptimizationLevel Value="2"/>
            </Optimizations>
          </CodeGeneration>
          <Linking>
            <Debugging>
              <GenerateDebugInfo Value="False"/>
              <RunWithoutDebug Value="True"/>
              <StripSymbols Value="True"/>
            </Debugging>
            <LinkSmart Value="True"/>
          </Linking>
          <Other>
            <Verbosity>
              <ShowHints Value="False"/>
            </Verbosity>
            <CustomOptions Value="-dRELEASE"/>
          </Other>
        </CompilerOptions>
      </Item2>
    </BuildModes>
    <PublishOptions>
      <Version Value="2"/>
    </PublishOptions>
    <RunParams>
      <FormatVersion Value="2"/>
    </RunParams>
    <RequiredPackages Count="3">
      <Item1>
        <PackageName Value="mormot2"/>
      </Item1>
      <Item2>
        <PackageName Value="castle_window"/>
      </Item2>
      <Item3>
        <PackageName Value="castle_base"/>
      </Item3>
    </RequiredPackages>
    <Units Count="7">
      <Unit0>
        <Filename Value="castle_mormot_client_standalone.dpr"/>
        <IsPartOfProject Value="True"/>
      </Unit0>
      <Unit1>
        <Filename Value="../shared/shareddata.pas"/>
        <IsPartOfProject Value="True"/>
        <UnitName Value="SharedData"/>
      </Unit1>
      <Unit2>
        <Filename Value="castleautogenerated.pas"/>
        <IsPartOfProject Value="True"/>
      </Unit2>
      <Unit3>
        <Filename Value="code/gameconnection.pas"/>
        <IsPartOfProject Value="True"/>
      </Unit3>
      <Unit4>
        <Filename Value="code/gameinitialize.pas"/>
        <IsPartOfProject Value="True"/>
      </Unit4>
      <Unit5>
        <Filename Value="code/gameviewedit.pas"/>
        <IsPartOfProject Value="True"/>
      </Unit5>
      <Unit6>
        <Filename Value="code/gameviewmenu.pas"/>
        <IsPartOfProject Value="True"/>
      </Unit6>
    </Units>
  </ProjectOptions>
  <CompilerOptions>
    <Version Value="11"/>
    <Target>
      <Filename Value="castle_mormot_client"/>
    </Target>
    <SearchPaths>
      <IncludeFiles Value="code;../shared;../../../sorpetaler/mORMot2;../../../sorpetaler/mORMot2/src/db;../../../sorpetaler/mORMot2/src/rest;../../../sorpetaler/mORMot2/src/orm;../../../sorpetaler/mORMot2/src/soa;../../../sorpetaler/mORMot2/src/app;../../../sorpetaler/mORMot2/src/script;../../../sorpetaler/mORMot2/src/ui;../../../sorpetaler/mORMot2/src/tools;../../../sorpetaler/mORMot2/src/misc"/>
      <Libraries Value="../../../sorpetaler/mORMot2/static/x86_64-win64"/>
      <OtherUnitFiles Value="code;../shared;../../../sorpetaler/mORMot2;../../../sorpetaler/mORMot2/src/tools"/>
      <UnitOutputDirectory Value="castle-engine-output/standalone/lazarus-lib/$(TargetCPU)-$(TargetOS)"/>
    </SearchPaths>
    <Parsing>
      <SyntaxOptions>
        <IncludeAssertionCode Value="True"/>
      </SyntaxOptions>
    </Parsing>
    <CodeGeneration>
      <Checks>
        <IOChecks Value="True"/>
        <RangeChecks Value="True"/>
        <OverflowChecks Value="True"/>
        <StackChecks Value="True"/>
      </Checks>
      <VerifyObjMethodCallValidity Value="True"/>
    </CodeGeneration>
    <Linking>
      <Debugging>
        <DebugInfoType Value="dsDwarf3"/>
        <UseExternalDbgSyms Value="True"/>
      </Debugging>
    </Linking>
    <Other>
      <Verbosity>
        <ShowHints Value="False"/>
      </Verbosity>
      <CustomOptions Value="-dDEBUG"/>
    </Other>
  </CompilerOptions>
  <Debugging>
    <Exceptions Count="3">
      <Item1>
        <Name Value="EAbort"/>
      </Item1>
      <Item2>
        <Name Value="ECodetoolError"/>
      </Item2>
      <Item3>
        <Name Value="EFOpenError"/>
      </Item3>
    </Exceptions>
  </Debugging>
</CONFIG>
